<?xml version="1.0" encoding="UTF-8"?>
<!DOCTYPE plist PUBLIC "-//Apple//DTD PLIST 1.0//EN" "http://www.apple.com/DTDs/PropertyList-1.0.dtd">
<plist version="1.0">
<dict>
	<key>archiveVersion</key>
	<string>1</string>
	<key>classes</key>
	<dict/>
	<key>objectVersion</key>
	<string>46</string>
	<key>objects</key>
	<dict>
		<key>0C26927446174ABBB5F73653</key>
		<dict>
			<key>buildActionMask</key>
			<string>2147483647</string>
			<key>files</key>
			<array/>
			<key>inputPaths</key>
			<array/>
			<key>isa</key>
			<string>PBXShellScriptBuildPhase</string>
			<key>name</key>
			<string>Copy Pods Resources</string>
			<key>outputPaths</key>
			<array/>
			<key>runOnlyForDeploymentPostprocessing</key>
			<string>0</string>
			<key>shellPath</key>
			<string>/bin/sh</string>
			<key>shellScript</key>
			<string>"${SRCROOT}/Pods/Pods-resources.sh"
</string>
			<key>showEnvVarsInLog</key>
			<string>0</string>
		</dict>
		<key>163DE644AB9F4C98B9DCBA0B</key>
		<dict>
			<key>buildActionMask</key>
			<string>2147483647</string>
			<key>files</key>
			<array/>
			<key>inputPaths</key>
			<array/>
			<key>isa</key>
			<string>PBXShellScriptBuildPhase</string>
			<key>name</key>
			<string>Check Pods Manifest.lock</string>
			<key>outputPaths</key>
			<array/>
			<key>runOnlyForDeploymentPostprocessing</key>
			<string>0</string>
			<key>shellPath</key>
			<string>/bin/sh</string>
			<key>shellScript</key>
			<string>diff "${PODS_ROOT}/../Podfile.lock" "${PODS_ROOT}/Manifest.lock" &gt; /dev/null
if [[ $? != 0 ]] ; then
    cat &lt;&lt; EOM
error: The sandbox is not in sync with the Podfile.lock. Run 'pod install' or update your CocoaPods installation.
EOM
    exit 1
fi
</string>
			<key>showEnvVarsInLog</key>
			<string>0</string>
		</dict>
		<key>3B2722EF9ACD4E36BD489FA9</key>
		<dict>
			<key>explicitFileType</key>
			<string>archive.ar</string>
			<key>includeInIndex</key>
			<string>0</string>
			<key>isa</key>
			<string>PBXFileReference</string>
			<key>path</key>
			<string>libPods.a</string>
			<key>sourceTree</key>
			<string>BUILT_PRODUCTS_DIR</string>
		</dict>
		<key>68CE58E82BEA4D07A3E7265B</key>
		<dict>
			<key>includeInIndex</key>
			<string>1</string>
			<key>isa</key>
			<string>PBXFileReference</string>
			<key>lastKnownFileType</key>
			<string>text.xcconfig</string>
			<key>name</key>
			<string>Pods.xcconfig</string>
			<key>path</key>
			<string>Pods/Pods.xcconfig</string>
			<key>sourceTree</key>
			<string>&lt;group&gt;</string>
		</dict>
		<key>7485B2F3C8AC45EBA1A393A7</key>
		<dict>
			<key>fileRef</key>
			<string>3B2722EF9ACD4E36BD489FA9</string>
			<key>isa</key>
			<string>PBXBuildFile</string>
		</dict>
		<key>A32098AC17E6242500B2DE1C</key>
		<dict>
			<key>children</key>
			<array>
				<string>A32098BE17E6242500B2DE1C</string>
				<string>A32098DD17E6242500B2DE1C</string>
				<string>A32098B717E6242500B2DE1C</string>
				<string>A32098B617E6242500B2DE1C</string>
				<string>68CE58E82BEA4D07A3E7265B</string>
			</array>
			<key>isa</key>
			<string>PBXGroup</string>
			<key>sourceTree</key>
			<string>&lt;group&gt;</string>
		</dict>
		<key>A32098AD17E6242500B2DE1C</key>
		<dict>
			<key>attributes</key>
			<dict>
				<key>CLASSPREFIX</key>
				<string>NC</string>
				<key>LastUpgradeCheck</key>
				<string>0500</string>
				<key>ORGANIZATIONNAME</key>
				<string>sunny</string>
				<key>TargetAttributes</key>
				<dict>
					<key>A32098D517E6242500B2DE1C</key>
					<dict>
						<key>TestTargetID</key>
						<string>A32098B417E6242500B2DE1C</string>
					</dict>
				</dict>
			</dict>
			<key>buildConfigurationList</key>
			<string>A32098B017E6242500B2DE1C</string>
			<key>compatibilityVersion</key>
			<string>Xcode 3.2</string>
			<key>developmentRegion</key>
			<string>English</string>
			<key>hasScannedForEncodings</key>
			<string>0</string>
			<key>isa</key>
			<string>PBXProject</string>
			<key>knownRegions</key>
			<array>
				<string>en</string>
				<string>Base</string>
			</array>
			<key>mainGroup</key>
			<string>A32098AC17E6242500B2DE1C</string>
			<key>productRefGroup</key>
			<string>A32098B617E6242500B2DE1C</string>
			<key>projectDirPath</key>
			<string></string>
			<key>projectReferences</key>
			<array/>
			<key>projectRoot</key>
			<string></string>
			<key>targets</key>
			<array>
				<string>A32098B417E6242500B2DE1C</string>
				<string>A32098D517E6242500B2DE1C</string>
			</array>
		</dict>
		<key>A32098B017E6242500B2DE1C</key>
		<dict>
			<key>buildConfigurations</key>
			<array>
				<string>A32098E517E6242500B2DE1C</string>
				<string>A32098E617E6242500B2DE1C</string>
			</array>
			<key>defaultConfigurationIsVisible</key>
			<string>0</string>
			<key>defaultConfigurationName</key>
			<string>Release</string>
			<key>isa</key>
			<string>XCConfigurationList</string>
		</dict>
		<key>A32098B117E6242500B2DE1C</key>
		<dict>
			<key>buildActionMask</key>
			<string>2147483647</string>
			<key>files</key>
			<array>
				<string>A32098CF17E6242500B2DE1C</string>
				<string>A32098C517E6242500B2DE1C</string>
				<string>A32098C917E6242500B2DE1C</string>
			</array>
			<key>isa</key>
			<string>PBXSourcesBuildPhase</string>
			<key>runOnlyForDeploymentPostprocessing</key>
			<string>0</string>
		</dict>
		<key>A32098B217E6242500B2DE1C</key>
		<dict>
			<key>buildActionMask</key>
			<string>2147483647</string>
			<key>files</key>
			<array>
				<string>A32098BB17E6242500B2DE1C</string>
				<string>A32098BD17E6242500B2DE1C</string>
				<string>A32098B917E6242500B2DE1C</string>
				<string>7485B2F3C8AC45EBA1A393A7</string>
			</array>
			<key>isa</key>
			<string>PBXFrameworksBuildPhase</string>
			<key>runOnlyForDeploymentPostprocessing</key>
			<string>0</string>
		</dict>
		<key>A32098B317E6242500B2DE1C</key>
		<dict>
			<key>buildActionMask</key>
			<string>2147483647</string>
			<key>files</key>
			<array>
				<string>A32098D117E6242500B2DE1C</string>
				<string>A32098C317E6242500B2DE1C</string>
				<string>A32098CC17E6242500B2DE1C</string>
			</array>
			<key>isa</key>
			<string>PBXResourcesBuildPhase</string>
			<key>runOnlyForDeploymentPostprocessing</key>
			<string>0</string>
		</dict>
		<key>A32098B417E6242500B2DE1C</key>
		<dict>
			<key>buildConfigurationList</key>
			<string>A32098E717E6242500B2DE1C</string>
			<key>buildPhases</key>
			<array>
				<string>163DE644AB9F4C98B9DCBA0B</string>
				<string>A32098B117E6242500B2DE1C</string>
				<string>A32098B217E6242500B2DE1C</string>
				<string>A32098B317E6242500B2DE1C</string>
				<string>0C26927446174ABBB5F73653</string>
			</array>
			<key>buildRules</key>
			<array/>
			<key>dependencies</key>
			<array/>
			<key>isa</key>
			<string>PBXNativeTarget</string>
			<key>name</key>
			<string>NestContact</string>
			<key>productName</key>
			<string>NestContact</string>
			<key>productReference</key>
			<string>A32098B517E6242500B2DE1C</string>
			<key>productType</key>
			<string>com.apple.product-type.application</string>
		</dict>
		<key>A32098B517E6242500B2DE1C</key>
		<dict>
			<key>explicitFileType</key>
			<string>wrapper.application</string>
			<key>includeInIndex</key>
			<string>0</string>
			<key>isa</key>
			<string>PBXFileReference</string>
			<key>path</key>
			<string>NestContact.app</string>
			<key>sourceTree</key>
			<string>BUILT_PRODUCTS_DIR</string>
		</dict>
		<key>A32098B617E6242500B2DE1C</key>
		<dict>
			<key>children</key>
			<array>
				<string>A32098B517E6242500B2DE1C</string>
				<string>A32098D617E6242500B2DE1C</string>
			</array>
			<key>isa</key>
			<string>PBXGroup</string>
			<key>name</key>
			<string>Products</string>
			<key>sourceTree</key>
			<string>&lt;group&gt;</string>
		</dict>
		<key>A32098B717E6242500B2DE1C</key>
		<dict>
			<key>children</key>
			<array>
				<string>A32098B817E6242500B2DE1C</string>
				<string>A32098BA17E6242500B2DE1C</string>
				<string>A32098BC17E6242500B2DE1C</string>
				<string>A32098D717E6242500B2DE1C</string>
				<string>3B2722EF9ACD4E36BD489FA9</string>
			</array>
			<key>isa</key>
			<string>PBXGroup</string>
			<key>name</key>
			<string>Frameworks</string>
			<key>sourceTree</key>
			<string>&lt;group&gt;</string>
		</dict>
		<key>A32098B817E6242500B2DE1C</key>
		<dict>
			<key>isa</key>
			<string>PBXFileReference</string>
			<key>lastKnownFileType</key>
			<string>wrapper.framework</string>
			<key>name</key>
			<string>Foundation.framework</string>
			<key>path</key>
			<string>System/Library/Frameworks/Foundation.framework</string>
			<key>sourceTree</key>
			<string>SDKROOT</string>
		</dict>
		<key>A32098B917E6242500B2DE1C</key>
		<dict>
			<key>fileRef</key>
			<string>A32098B817E6242500B2DE1C</string>
			<key>isa</key>
			<string>PBXBuildFile</string>
		</dict>
		<key>A32098BA17E6242500B2DE1C</key>
		<dict>
			<key>isa</key>
			<string>PBXFileReference</string>
			<key>lastKnownFileType</key>
			<string>wrapper.framework</string>
			<key>name</key>
			<string>CoreGraphics.framework</string>
			<key>path</key>
			<string>System/Library/Frameworks/CoreGraphics.framework</string>
			<key>sourceTree</key>
			<string>SDKROOT</string>
		</dict>
		<key>A32098BB17E6242500B2DE1C</key>
		<dict>
			<key>fileRef</key>
			<string>A32098BA17E6242500B2DE1C</string>
			<key>isa</key>
			<string>PBXBuildFile</string>
		</dict>
		<key>A32098BC17E6242500B2DE1C</key>
		<dict>
			<key>isa</key>
			<string>PBXFileReference</string>
			<key>lastKnownFileType</key>
			<string>wrapper.framework</string>
			<key>name</key>
			<string>UIKit.framework</string>
			<key>path</key>
			<string>System/Library/Frameworks/UIKit.framework</string>
			<key>sourceTree</key>
			<string>SDKROOT</string>
		</dict>
		<key>A32098BD17E6242500B2DE1C</key>
		<dict>
			<key>fileRef</key>
			<string>A32098BC17E6242500B2DE1C</string>
			<key>isa</key>
			<string>PBXBuildFile</string>
		</dict>
		<key>A32098BE17E6242500B2DE1C</key>
		<dict>
			<key>children</key>
			<array>
				<string>A32098C717E6242500B2DE1C</string>
				<string>A32098C817E6242500B2DE1C</string>
				<string>A32098CA17E6242500B2DE1C</string>
				<string>A32098CD17E6242500B2DE1C</string>
				<string>A32098CE17E6242500B2DE1C</string>
				<string>A32098D017E6242500B2DE1C</string>
				<string>A32098BF17E6242500B2DE1C</string>
			</array>
			<key>isa</key>
			<string>PBXGroup</string>
			<key>path</key>
			<string>NestContact</string>
			<key>sourceTree</key>
			<string>&lt;group&gt;</string>
		</dict>
		<key>A32098BF17E6242500B2DE1C</key>
		<dict>
			<key>children</key>
			<array>
				<string>A32098C017E6242500B2DE1C</string>
				<string>A32098C117E6242500B2DE1C</string>
				<string>A32098C417E6242500B2DE1C</string>
				<string>A32098C617E6242500B2DE1C</string>
			</array>
			<key>isa</key>
			<string>PBXGroup</string>
			<key>name</key>
			<string>Supporting Files</string>
			<key>sourceTree</key>
			<string>&lt;group&gt;</string>
		</dict>
		<key>A32098C017E6242500B2DE1C</key>
		<dict>
			<key>isa</key>
			<string>PBXFileReference</string>
			<key>lastKnownFileType</key>
			<string>text.plist.xml</string>
			<key>path</key>
			<string>NestContact-Info.plist</string>
			<key>sourceTree</key>
			<string>&lt;group&gt;</string>
		</dict>
		<key>A32098C117E6242500B2DE1C</key>
		<dict>
			<key>children</key>
			<array>
				<string>A32098C217E6242500B2DE1C</string>
			</array>
			<key>isa</key>
			<string>PBXVariantGroup</string>
			<key>name</key>
			<string>InfoPlist.strings</string>
			<key>sourceTree</key>
			<string>&lt;group&gt;</string>
		</dict>
		<key>A32098C217E6242500B2DE1C</key>
		<dict>
			<key>isa</key>
			<string>PBXFileReference</string>
			<key>lastKnownFileType</key>
			<string>text.plist.strings</string>
			<key>name</key>
			<string>en</string>
			<key>path</key>
			<string>en.lproj/InfoPlist.strings</string>
			<key>sourceTree</key>
			<string>&lt;group&gt;</string>
		</dict>
		<key>A32098C317E6242500B2DE1C</key>
		<dict>
			<key>fileRef</key>
			<string>A32098C117E6242500B2DE1C</string>
			<key>isa</key>
			<string>PBXBuildFile</string>
		</dict>
		<key>A32098C417E6242500B2DE1C</key>
		<dict>
			<key>isa</key>
			<string>PBXFileReference</string>
			<key>lastKnownFileType</key>
			<string>sourcecode.c.objc</string>
			<key>path</key>
			<string>main.m</string>
			<key>sourceTree</key>
			<string>&lt;group&gt;</string>
		</dict>
		<key>A32098C517E6242500B2DE1C</key>
		<dict>
			<key>fileRef</key>
			<string>A32098C417E6242500B2DE1C</string>
			<key>isa</key>
			<string>PBXBuildFile</string>
		</dict>
		<key>A32098C617E6242500B2DE1C</key>
		<dict>
			<key>isa</key>
			<string>PBXFileReference</string>
			<key>lastKnownFileType</key>
			<string>sourcecode.c.h</string>
			<key>path</key>
			<string>NestContact-Prefix.pch</string>
			<key>sourceTree</key>
			<string>&lt;group&gt;</string>
		</dict>
		<key>A32098C717E6242500B2DE1C</key>
		<dict>
			<key>isa</key>
			<string>PBXFileReference</string>
			<key>lastKnownFileType</key>
			<string>sourcecode.c.h</string>
			<key>path</key>
			<string>NCAppDelegate.h</string>
			<key>sourceTree</key>
			<string>&lt;group&gt;</string>
		</dict>
		<key>A32098C817E6242500B2DE1C</key>
		<dict>
			<key>isa</key>
			<string>PBXFileReference</string>
			<key>lastKnownFileType</key>
			<string>sourcecode.c.objc</string>
			<key>path</key>
			<string>NCAppDelegate.m</string>
			<key>sourceTree</key>
			<string>&lt;group&gt;</string>
		</dict>
		<key>A32098C917E6242500B2DE1C</key>
		<dict>
			<key>fileRef</key>
			<string>A32098C817E6242500B2DE1C</string>
			<key>isa</key>
			<string>PBXBuildFile</string>
		</dict>
		<key>A32098CA17E6242500B2DE1C</key>
		<dict>
			<key>children</key>
			<array>
				<string>A32098CB17E6242500B2DE1C</string>
			</array>
			<key>isa</key>
			<string>PBXVariantGroup</string>
			<key>name</key>
			<string>Main.storyboard</string>
			<key>sourceTree</key>
			<string>&lt;group&gt;</string>
		</dict>
		<key>A32098CB17E6242500B2DE1C</key>
		<dict>
			<key>isa</key>
			<string>PBXFileReference</string>
			<key>lastKnownFileType</key>
			<string>file.storyboard</string>
			<key>name</key>
			<string>Base</string>
			<key>path</key>
			<string>Base.lproj/Main.storyboard</string>
			<key>sourceTree</key>
			<string>&lt;group&gt;</string>
		</dict>
		<key>A32098CC17E6242500B2DE1C</key>
		<dict>
			<key>fileRef</key>
			<string>A32098CA17E6242500B2DE1C</string>
			<key>isa</key>
			<string>PBXBuildFile</string>
		</dict>
		<key>A32098CD17E6242500B2DE1C</key>
		<dict>
			<key>isa</key>
			<string>PBXFileReference</string>
			<key>lastKnownFileType</key>
			<string>sourcecode.c.h</string>
			<key>path</key>
			<string>NCViewController.h</string>
			<key>sourceTree</key>
			<string>&lt;group&gt;</string>
		</dict>
		<key>A32098CE17E6242500B2DE1C</key>
		<dict>
			<key>isa</key>
			<string>PBXFileReference</string>
			<key>lastKnownFileType</key>
			<string>sourcecode.c.objc</string>
			<key>path</key>
			<string>NCViewController.m</string>
			<key>sourceTree</key>
			<string>&lt;group&gt;</string>
		</dict>
		<key>A32098CF17E6242500B2DE1C</key>
		<dict>
			<key>fileRef</key>
			<string>A32098CE17E6242500B2DE1C</string>
			<key>isa</key>
			<string>PBXBuildFile</string>
		</dict>
		<key>A32098D017E6242500B2DE1C</key>
		<dict>
			<key>isa</key>
			<string>PBXFileReference</string>
			<key>lastKnownFileType</key>
			<string>folder.assetcatalog</string>
			<key>path</key>
			<string>Images.xcassets</string>
			<key>sourceTree</key>
			<string>&lt;group&gt;</string>
		</dict>
		<key>A32098D117E6242500B2DE1C</key>
		<dict>
			<key>fileRef</key>
			<string>A32098D017E6242500B2DE1C</string>
			<key>isa</key>
			<string>PBXBuildFile</string>
		</dict>
		<key>A32098D217E6242500B2DE1C</key>
		<dict>
			<key>buildActionMask</key>
			<string>2147483647</string>
			<key>files</key>
			<array>
				<string>A32098E417E6242500B2DE1C</string>
			</array>
			<key>isa</key>
			<string>PBXSourcesBuildPhase</string>
			<key>runOnlyForDeploymentPostprocessing</key>
			<string>0</string>
		</dict>
		<key>A32098D317E6242500B2DE1C</key>
		<dict>
			<key>buildActionMask</key>
			<string>2147483647</string>
			<key>files</key>
			<array>
				<string>A32098D817E6242500B2DE1C</string>
				<string>A32098DA17E6242500B2DE1C</string>
				<string>A32098D917E6242500B2DE1C</string>
			</array>
			<key>isa</key>
			<string>PBXFrameworksBuildPhase</string>
			<key>runOnlyForDeploymentPostprocessing</key>
			<string>0</string>
		</dict>
		<key>A32098D417E6242500B2DE1C</key>
		<dict>
			<key>buildActionMask</key>
			<string>2147483647</string>
			<key>files</key>
			<array>
				<string>A32098E217E6242500B2DE1C</string>
			</array>
			<key>isa</key>
			<string>PBXResourcesBuildPhase</string>
			<key>runOnlyForDeploymentPostprocessing</key>
			<string>0</string>
		</dict>
		<key>A32098D517E6242500B2DE1C</key>
		<dict>
			<key>buildConfigurationList</key>
			<string>A32098EA17E6242500B2DE1C</string>
			<key>buildPhases</key>
			<array>
				<string>A32098D217E6242500B2DE1C</string>
				<string>A32098D317E6242500B2DE1C</string>
				<string>A32098D417E6242500B2DE1C</string>
			</array>
			<key>buildRules</key>
			<array/>
			<key>dependencies</key>
			<array>
				<string>A32098DC17E6242500B2DE1C</string>
			</array>
			<key>isa</key>
			<string>PBXNativeTarget</string>
			<key>name</key>
			<string>NestContactTests</string>
			<key>productName</key>
			<string>NestContactTests</string>
			<key>productReference</key>
			<string>A32098D617E6242500B2DE1C</string>
			<key>productType</key>
			<string>com.apple.product-type.bundle.unit-test</string>
		</dict>
		<key>A32098D617E6242500B2DE1C</key>
		<dict>
			<key>explicitFileType</key>
			<string>wrapper.cfbundle</string>
			<key>includeInIndex</key>
			<string>0</string>
			<key>isa</key>
			<string>PBXFileReference</string>
			<key>path</key>
			<string>NestContactTests.xctest</string>
			<key>sourceTree</key>
			<string>BUILT_PRODUCTS_DIR</string>
		</dict>
		<key>A32098D717E6242500B2DE1C</key>
		<dict>
			<key>isa</key>
			<string>PBXFileReference</string>
			<key>lastKnownFileType</key>
			<string>wrapper.framework</string>
			<key>name</key>
			<string>XCTest.framework</string>
			<key>path</key>
			<string>Library/Frameworks/XCTest.framework</string>
			<key>sourceTree</key>
			<string>DEVELOPER_DIR</string>
		</dict>
		<key>A32098D817E6242500B2DE1C</key>
		<dict>
			<key>fileRef</key>
			<string>A32098D717E6242500B2DE1C</string>
			<key>isa</key>
			<string>PBXBuildFile</string>
		</dict>
		<key>A32098D917E6242500B2DE1C</key>
		<dict>
			<key>fileRef</key>
			<string>A32098B817E6242500B2DE1C</string>
			<key>isa</key>
			<string>PBXBuildFile</string>
		</dict>
		<key>A32098DA17E6242500B2DE1C</key>
		<dict>
			<key>fileRef</key>
			<string>A32098BC17E6242500B2DE1C</string>
			<key>isa</key>
			<string>PBXBuildFile</string>
		</dict>
		<key>A32098DB17E6242500B2DE1C</key>
		<dict>
			<key>containerPortal</key>
			<string>A32098AD17E6242500B2DE1C</string>
			<key>isa</key>
			<string>PBXContainerItemProxy</string>
			<key>proxyType</key>
			<string>1</string>
			<key>remoteGlobalIDString</key>
			<string>A32098B417E6242500B2DE1C</string>
			<key>remoteInfo</key>
			<string>NestContact</string>
		</dict>
		<key>A32098DC17E6242500B2DE1C</key>
		<dict>
			<key>isa</key>
			<string>PBXTargetDependency</string>
			<key>target</key>
			<string>A32098B417E6242500B2DE1C</string>
			<key>targetProxy</key>
			<string>A32098DB17E6242500B2DE1C</string>
		</dict>
		<key>A32098DD17E6242500B2DE1C</key>
		<dict>
			<key>children</key>
			<array>
				<string>A32098E317E6242500B2DE1C</string>
				<string>A32098DE17E6242500B2DE1C</string>
			</array>
			<key>isa</key>
			<string>PBXGroup</string>
			<key>path</key>
			<string>NestContactTests</string>
			<key>sourceTree</key>
			<string>&lt;group&gt;</string>
		</dict>
		<key>A32098DE17E6242500B2DE1C</key>
		<dict>
			<key>children</key>
			<array>
				<string>A32098DF17E6242500B2DE1C</string>
				<string>A32098E017E6242500B2DE1C</string>
			</array>
			<key>isa</key>
			<string>PBXGroup</string>
			<key>name</key>
			<string>Supporting Files</string>
			<key>sourceTree</key>
			<string>&lt;group&gt;</string>
		</dict>
		<key>A32098DF17E6242500B2DE1C</key>
		<dict>
			<key>isa</key>
			<string>PBXFileReference</string>
			<key>lastKnownFileType</key>
			<string>text.plist.xml</string>
			<key>path</key>
			<string>NestContactTests-Info.plist</string>
			<key>sourceTree</key>
			<string>&lt;group&gt;</string>
		</dict>
		<key>A32098E017E6242500B2DE1C</key>
		<dict>
			<key>children</key>
			<array>
				<string>A32098E117E6242500B2DE1C</string>
			</array>
			<key>isa</key>
			<string>PBXVariantGroup</string>
			<key>name</key>
			<string>InfoPlist.strings</string>
			<key>sourceTree</key>
			<string>&lt;group&gt;</string>
		</dict>
		<key>A32098E117E6242500B2DE1C</key>
		<dict>
			<key>isa</key>
			<string>PBXFileReference</string>
			<key>lastKnownFileType</key>
			<string>text.plist.strings</string>
			<key>name</key>
			<string>en</string>
			<key>path</key>
			<string>en.lproj/InfoPlist.strings</string>
			<key>sourceTree</key>
			<string>&lt;group&gt;</string>
		</dict>
		<key>A32098E217E6242500B2DE1C</key>
		<dict>
			<key>fileRef</key>
			<string>A32098E017E6242500B2DE1C</string>
			<key>isa</key>
			<string>PBXBuildFile</string>
		</dict>
		<key>A32098E317E6242500B2DE1C</key>
		<dict>
			<key>isa</key>
			<string>PBXFileReference</string>
			<key>lastKnownFileType</key>
			<string>sourcecode.c.objc</string>
			<key>path</key>
			<string>NestContactTests.m</string>
			<key>sourceTree</key>
			<string>&lt;group&gt;</string>
		</dict>
		<key>A32098E417E6242500B2DE1C</key>
		<dict>
			<key>fileRef</key>
			<string>A32098E317E6242500B2DE1C</string>
			<key>isa</key>
			<string>PBXBuildFile</string>
		</dict>
		<key>A32098E517E6242500B2DE1C</key>
		<dict>
			<key>buildSettings</key>
			<dict>
				<key>ALWAYS_SEARCH_USER_PATHS</key>
				<string>NO</string>
				<key>ARCHS</key>
				<string>$(ARCHS_STANDARD_INCLUDING_64_BIT)</string>
				<key>CLANG_CXX_LANGUAGE_STANDARD</key>
				<string>gnu++0x</string>
				<key>CLANG_CXX_LIBRARY</key>
				<string>libc++</string>
				<key>CLANG_ENABLE_MODULES</key>
				<string>YES</string>
				<key>CLANG_ENABLE_OBJC_ARC</key>
				<string>YES</string>
				<key>CLANG_WARN_BOOL_CONVERSION</key>
				<string>YES</string>
				<key>CLANG_WARN_CONSTANT_CONVERSION</key>
				<string>YES</string>
				<key>CLANG_WARN_DIRECT_OBJC_ISA_USAGE</key>
				<string>YES_ERROR</string>
				<key>CLANG_WARN_EMPTY_BODY</key>
				<string>YES</string>
				<key>CLANG_WARN_ENUM_CONVERSION</key>
				<string>YES</string>
				<key>CLANG_WARN_INT_CONVERSION</key>
				<string>YES</string>
				<key>CLANG_WARN_OBJC_ROOT_CLASS</key>
				<string>YES_ERROR</string>
				<key>CLANG_WARN__DUPLICATE_METHOD_MATCH</key>
				<string>YES</string>
				<key>CODE_SIGN_IDENTITY[sdk=iphoneos*]</key>
				<string>iPhone Developer</string>
				<key>COPY_PHASE_STRIP</key>
				<string>NO</string>
				<key>GCC_C_LANGUAGE_STANDARD</key>
				<string>gnu99</string>
				<key>GCC_DYNAMIC_NO_PIC</key>
				<string>NO</string>
				<key>GCC_OPTIMIZATION_LEVEL</key>
				<string>0</string>
				<key>GCC_PREPROCESSOR_DEFINITIONS</key>
				<array>
					<string>DEBUG=1</string>
					<string>$(inherited)</string>
				</array>
				<key>GCC_SYMBOLS_PRIVATE_EXTERN</key>
				<string>NO</string>
				<key>GCC_WARN_64_TO_32_BIT_CONVERSION</key>
				<string>YES</string>
				<key>GCC_WARN_ABOUT_RETURN_TYPE</key>
				<string>YES_ERROR</string>
				<key>GCC_WARN_UNDECLARED_SELECTOR</key>
				<string>YES</string>
				<key>GCC_WARN_UNINITIALIZED_AUTOS</key>
				<string>YES</string>
				<key>GCC_WARN_UNUSED_FUNCTION</key>
				<string>YES</string>
				<key>GCC_WARN_UNUSED_VARIABLE</key>
				<string>YES</string>
				<key>IPHONEOS_DEPLOYMENT_TARGET</key>
				<string>7.0</string>
				<key>ONLY_ACTIVE_ARCH</key>
				<string>YES</string>
				<key>SDKROOT</key>
				<string>iphoneos</string>
			</dict>
			<key>isa</key>
			<string>XCBuildConfiguration</string>
			<key>name</key>
			<string>Debug</string>
		</dict>
		<key>A32098E617E6242500B2DE1C</key>
		<dict>
			<key>buildSettings</key>
			<dict>
				<key>ALWAYS_SEARCH_USER_PATHS</key>
				<string>NO</string>
				<key>ARCHS</key>
				<string>$(ARCHS_STANDARD_INCLUDING_64_BIT)</string>
				<key>CLANG_CXX_LANGUAGE_STANDARD</key>
				<string>gnu++0x</string>
				<key>CLANG_CXX_LIBRARY</key>
				<string>libc++</string>
				<key>CLANG_ENABLE_MODULES</key>
				<string>YES</string>
				<key>CLANG_ENABLE_OBJC_ARC</key>
				<string>YES</string>
				<key>CLANG_WARN_BOOL_CONVERSION</key>
				<string>YES</string>
				<key>CLANG_WARN_CONSTANT_CONVERSION</key>
				<string>YES</string>
				<key>CLANG_WARN_DIRECT_OBJC_ISA_USAGE</key>
				<string>YES_ERROR</string>
				<key>CLANG_WARN_EMPTY_BODY</key>
				<string>YES</string>
				<key>CLANG_WARN_ENUM_CONVERSION</key>
				<string>YES</string>
				<key>CLANG_WARN_INT_CONVERSION</key>
				<string>YES</string>
				<key>CLANG_WARN_OBJC_ROOT_CLASS</key>
				<string>YES_ERROR</string>
				<key>CLANG_WARN__DUPLICATE_METHOD_MATCH</key>
				<string>YES</string>
				<key>CODE_SIGN_IDENTITY[sdk=iphoneos*]</key>
				<string>iPhone Developer</string>
				<key>COPY_PHASE_STRIP</key>
				<string>YES</string>
				<key>ENABLE_NS_ASSERTIONS</key>
				<string>NO</string>
				<key>GCC_C_LANGUAGE_STANDARD</key>
				<string>gnu99</string>
				<key>GCC_WARN_64_TO_32_BIT_CONVERSION</key>
				<string>YES</string>
				<key>GCC_WARN_ABOUT_RETURN_TYPE</key>
				<string>YES_ERROR</string>
				<key>GCC_WARN_UNDECLARED_SELECTOR</key>
				<string>YES</string>
				<key>GCC_WARN_UNINITIALIZED_AUTOS</key>
				<string>YES</string>
				<key>GCC_WARN_UNUSED_FUNCTION</key>
				<string>YES</string>
				<key>GCC_WARN_UNUSED_VARIABLE</key>
				<string>YES</string>
				<key>IPHONEOS_DEPLOYMENT_TARGET</key>
				<string>7.0</string>
				<key>SDKROOT</key>
				<string>iphoneos</string>
				<key>VALIDATE_PRODUCT</key>
				<string>YES</string>
			</dict>
			<key>isa</key>
			<string>XCBuildConfiguration</string>
			<key>name</key>
			<string>Release</string>
		</dict>
		<key>A32098E717E6242500B2DE1C</key>
		<dict>
			<key>buildConfigurations</key>
			<array>
				<string>A32098E817E6242500B2DE1C</string>
				<string>A32098E917E6242500B2DE1C</string>
			</array>
			<key>defaultConfigurationIsVisible</key>
			<string>0</string>
			<key>isa</key>
			<string>XCConfigurationList</string>
		</dict>
		<key>A32098E817E6242500B2DE1C</key>
		<dict>
			<key>baseConfigurationReference</key>
			<string>68CE58E82BEA4D07A3E7265B</string>
			<key>buildSettings</key>
			<dict>
				<key>ASSETCATALOG_COMPILER_APPICON_NAME</key>
				<string>AppIcon</string>
				<key>ASSETCATALOG_COMPILER_LAUNCHIMAGE_NAME</key>
				<string>LaunchImage</string>
				<key>GCC_PRECOMPILE_PREFIX_HEADER</key>
				<string>YES</string>
				<key>GCC_PREFIX_HEADER</key>
				<string>NestContact/NestContact-Prefix.pch</string>
				<key>INFOPLIST_FILE</key>
				<string>NestContact/NestContact-Info.plist</string>
				<key>PRODUCT_NAME</key>
				<string>$(TARGET_NAME)</string>
				<key>WRAPPER_EXTENSION</key>
				<string>app</string>
			</dict>
			<key>isa</key>
			<string>XCBuildConfiguration</string>
			<key>name</key>
			<string>Debug</string>
		</dict>
		<key>A32098E917E6242500B2DE1C</key>
		<dict>
			<key>baseConfigurationReference</key>
			<string>68CE58E82BEA4D07A3E7265B</string>
			<key>buildSettings</key>
			<dict>
				<key>ASSETCATALOG_COMPILER_APPICON_NAME</key>
				<string>AppIcon</string>
				<key>ASSETCATALOG_COMPILER_LAUNCHIMAGE_NAME</key>
				<string>LaunchImage</string>
				<key>GCC_PRECOMPILE_PREFIX_HEADER</key>
				<string>YES</string>
				<key>GCC_PREFIX_HEADER</key>
				<string>NestContact/NestContact-Prefix.pch</string>
				<key>INFOPLIST_FILE</key>
				<string>NestContact/NestContact-Info.plist</string>
				<key>PRODUCT_NAME</key>
				<string>$(TARGET_NAME)</string>
				<key>WRAPPER_EXTENSION</key>
				<string>app</string>
			</dict>
			<key>isa</key>
			<string>XCBuildConfiguration</string>
			<key>name</key>
			<string>Release</string>
		</dict>
		<key>A32098EA17E6242500B2DE1C</key>
		<dict>
			<key>buildConfigurations</key>
			<array>
				<string>A32098EB17E6242500B2DE1C</string>
				<string>A32098EC17E6242500B2DE1C</string>
			</array>
			<key>defaultConfigurationIsVisible</key>
			<string>0</string>
			<key>isa</key>
			<string>XCConfigurationList</string>
		</dict>
		<key>A32098EB17E6242500B2DE1C</key>
		<dict>
			<key>buildSettings</key>
			<dict>
				<key>ARCHS</key>
				<string>$(ARCHS_STANDARD_INCLUDING_64_BIT)</string>
				<key>BUNDLE_LOADER</key>
				<string>$(BUILT_PRODUCTS_DIR)/NestContact.app/NestContact</string>
				<key>FRAMEWORK_SEARCH_PATHS</key>
				<array>
					<string>$(SDKROOT)/Developer/Library/Frameworks</string>
					<string>$(inherited)</string>
					<string>$(DEVELOPER_FRAMEWORKS_DIR)</string>
				</array>
				<key>GCC_PRECOMPILE_PREFIX_HEADER</key>
				<string>YES</string>
				<key>GCC_PREFIX_HEADER</key>
				<string>NestContact/NestContact-Prefix.pch</string>
				<key>GCC_PREPROCESSOR_DEFINITIONS</key>
				<array>
					<string>DEBUG=1</string>
					<string>$(inherited)</string>
				</array>
				<key>INFOPLIST_FILE</key>
				<string>NestContactTests/NestContactTests-Info.plist</string>
				<key>PRODUCT_NAME</key>
				<string>$(TARGET_NAME)</string>
				<key>TEST_HOST</key>
				<string>$(BUNDLE_LOADER)</string>
				<key>WRAPPER_EXTENSION</key>
				<string>xctest</string>
			</dict>
			<key>isa</key>
			<string>XCBuildConfiguration</string>
			<key>name</key>
			<string>Debug</string>
		</dict>
		<key>A32098EC17E6242500B2DE1C</key>
		<dict>
			<key>buildSettings</key>
			<dict>
				<key>ARCHS</key>
				<string>$(ARCHS_STANDARD_INCLUDING_64_BIT)</string>
				<key>BUNDLE_LOADER</key>
				<string>$(BUILT_PRODUCTS_DIR)/NestContact.app/NestContact</string>
				<key>FRAMEWORK_SEARCH_PATHS</key>
				<array>
					<string>$(SDKROOT)/Developer/Library/Frameworks</string>
					<string>$(inherited)</string>
					<string>$(DEVELOPER_FRAMEWORKS_DIR)</string>
				</array>
				<key>GCC_PRECOMPILE_PREFIX_HEADER</key>
				<string>YES</string>
				<key>GCC_PREFIX_HEADER</key>
				<string>NestContact/NestContact-Prefix.pch</string>
				<key>INFOPLIST_FILE</key>
				<string>NestContactTests/NestContactTests-Info.plist</string>
				<key>PRODUCT_NAME</key>
				<string>$(TARGET_NAME)</string>
				<key>TEST_HOST</key>
				<string>$(BUNDLE_LOADER)</string>
				<key>WRAPPER_EXTENSION</key>
				<string>xctest</string>
			</dict>
			<key>isa</key>
			<string>XCBuildConfiguration</string>
			<key>name</key>
			<string>Release</string>
		</dict>
	</dict>
	<key>rootObject</key>
	<string>A32098AD17E6242500B2DE1C</string>
</dict>
</plist>
